
Microsoft Visual Studio Solution File, Format Version 12.00
# Visual Studio Version 17
VisualStudioVersion = 17.2.32630.192
MinimumVisualStudioVersion = 10.0.40219.1
Project("{FAE04EC0-301F-11D3-BF4B-00C04F79EFBC}") = "WpfAppExpenseIt", "WpfAppExpenseIt.csproj", "{0977DFF6-326A-4DA2-ACA4-790F460D8918}"
EndProject
Global
	GlobalSection(SolutionConfigurationPlatforms) = preSolution
		Debug|Any CPU = Debug|Any CPU
		Release|Any CPU = Release|Any CPU
	EndGlobalSection
	GlobalSection(ProjectConfigurationPlatforms) = postSolution
		{0977DFF6-326A-4DA2-ACA4-790F460D8918}.Debug|Any CPU.ActiveCfg = Debug|Any CPU
		{0977DFF6-326A-4DA2-ACA4-790F460D8918}.Debug|Any CPU.Build.0 = Debug|Any CPU
		{0977DFF6-326A-4DA2-ACA4-790F460D8918}.Release|Any CPU.ActiveCfg = Release|Any CPU
		{0977DFF6-326A-4DA2-ACA4-790F460D8918}.Release|Any CPU.Build.0 = Release|Any CPU
	EndGlobalSection
	GlobalSection(SolutionProperties) = preSolution
		HideSolutionNode = FALSE
	EndGlobalSection
	GlobalSection(ExtensibilityGlobals) = postSolution
		SolutionGuid = {CCA98FE4-3854-4B2E-99A0-84ADFB6445CD}
	EndGlobalSection
EndGlobal
